
Microsoft Visual Studio Solution File, Format Version 12.00
# Visual Studio 15
VisualStudioVersion = 15.0.26730.12
MinimumVisualStudioVersion = 10.0.40219.1
Project("{FAE04EC0-301F-11D3-BF4B-00C04F79EFBC}") = "EventManager_Ivan_Bikov", "EventManager_Ivan_Bikov\EventManager_Ivan_Bikov.csproj", "{3433DE66-DA13-485E-A836-6C29EEA55CDF}"
EndProject
Global
	GlobalSection(SolutionConfigurationPlatforms) = preSolution
		Debug|Any CPU = Debug|Any CPU
		Release|Any CPU = Release|Any CPU
	EndGlobalSection
	GlobalSection(ProjectConfigurationPlatforms) = postSolution
		{3433DE66-DA13-485E-A836-6C29EEA55CDF}.Debug|Any CPU.ActiveCfg = Debug|Any CPU
		{3433DE66-DA13-485E-A836-6C29EEA55CDF}.Debug|Any CPU.Build.0 = Debug|Any CPU
		{3433DE66-DA13-485E-A836-6C29EEA55CDF}.Release|Any CPU.ActiveCfg = Release|Any CPU
		{3433DE66-DA13-485E-A836-6C29EEA55CDF}.Release|Any CPU.Build.0 = Release|Any CPU
	EndGlobalSection
	GlobalSection(SolutionProperties) = preSolution
		HideSolutionNode = FALSE
	EndGlobalSection
	GlobalSection(ExtensibilityGlobals) = postSolution
		SolutionGuid = {06DFF9CA-9274-4AA0-9EE2-67BDB77BAC84}
	EndGlobalSection
EndGlobal
